
Microsoft Visual Studio Solution File, Format Version 12.00
# Visual Studio Version 17
VisualStudioVersion = 17.4.33205.214
MinimumVisualStudioVersion = 10.0.40219.1
Project("{FAE04EC0-301F-11D3-BF4B-00C04F79EFBC}") = "Presentacion", "Presentacion\Presentacion.csproj", "{659785DB-F8FE-4E71-BD62-9A2B8B75B9DB}"
EndProject
Global
	GlobalSection(SolutionConfigurationPlatforms) = preSolution
		Debug|Any CPU = Debug|Any CPU
		Release|Any CPU = Release|Any CPU
	EndGlobalSection
	GlobalSection(ProjectConfigurationPlatforms) = postSolution
		{659785DB-F8FE-4E71-BD62-9A2B8B75B9DB}.Debug|Any CPU.ActiveCfg = Debug|Any CPU
		{659785DB-F8FE-4E71-BD62-9A2B8B75B9DB}.Debug|Any CPU.Build.0 = Debug|Any CPU
		{659785DB-F8FE-4E71-BD62-9A2B8B75B9DB}.Release|Any CPU.ActiveCfg = Release|Any CPU
		{659785DB-F8FE-4E71-BD62-9A2B8B75B9DB}.Release|Any CPU.Build.0 = Release|Any CPU
	EndGlobalSection
	GlobalSection(SolutionProperties) = preSolution
		HideSolutionNode = FALSE
	EndGlobalSection
	GlobalSection(ExtensibilityGlobals) = postSolution
		SolutionGuid = {7B977166-472D-4F8A-94BD-55662480006E}
	EndGlobalSection
EndGlobal
